
Microsoft Visual Studio Solution File, Format Version 12.00
# Visual Studio Version 17
VisualStudioVersion = 17.4.33213.308
MinimumVisualStudioVersion = 10.0.40219.1
Project("{FAE04EC0-301F-11D3-BF4B-00C04F79EFBC}") = "CSharpSyntax", "CSharpSyntax\CSharpSyntax.csproj", "{63E54AD9-DEEC-416C-AFC2-9BF52A08DB7D}"
EndProject
Global
	GlobalSection(SolutionConfigurationPlatforms) = preSolution
		Debug|Any CPU = Debug|Any CPU
		Release|Any CPU = Release|Any CPU
	EndGlobalSection
	GlobalSection(ProjectConfigurationPlatforms) = postSolution
		{63E54AD9-DEEC-416C-AFC2-9BF52A08DB7D}.Debug|Any CPU.ActiveCfg = Debug|Any CPU
		{63E54AD9-DEEC-416C-AFC2-9BF52A08DB7D}.Debug|Any CPU.Build.0 = Debug|Any CPU
		{63E54AD9-DEEC-416C-AFC2-9BF52A08DB7D}.Release|Any CPU.ActiveCfg = Release|Any CPU
		{63E54AD9-DEEC-416C-AFC2-9BF52A08DB7D}.Release|Any CPU.Build.0 = Release|Any CPU
	EndGlobalSection
	GlobalSection(SolutionProperties) = preSolution
		HideSolutionNode = FALSE
	EndGlobalSection
	GlobalSection(ExtensibilityGlobals) = postSolution
		SolutionGuid = {E6C4AFC6-11A3-4562-A7D0-ACE5B3D121A2}
	EndGlobalSection
EndGlobal
